
Microsoft Visual Studio Solution File, Format Version 12.00
# Visual Studio Version 16
VisualStudioVersion = 16.0.29001.49
MinimumVisualStudioVersion = 10.0.40219.1
Project("{FAE04EC0-301F-11D3-BF4B-00C04F79EFBC}") = "RestaurantRaiderMVC", "RestaurantRaiderMVC\RestaurantRaiderMVC.csproj", "{9F72566E-5080-4F1E-83D5-7512C8960164}"
EndProject
Global
	GlobalSection(SolutionConfigurationPlatforms) = preSolution
		Debug|Any CPU = Debug|Any CPU
		Release|Any CPU = Release|Any CPU
	EndGlobalSection
	GlobalSection(ProjectConfigurationPlatforms) = postSolution
		{9F72566E-5080-4F1E-83D5-7512C8960164}.Debug|Any CPU.ActiveCfg = Debug|Any CPU
		{9F72566E-5080-4F1E-83D5-7512C8960164}.Debug|Any CPU.Build.0 = Debug|Any CPU
		{9F72566E-5080-4F1E-83D5-7512C8960164}.Release|Any CPU.ActiveCfg = Release|Any CPU
		{9F72566E-5080-4F1E-83D5-7512C8960164}.Release|Any CPU.Build.0 = Release|Any CPU
	EndGlobalSection
	GlobalSection(SolutionProperties) = preSolution
		HideSolutionNode = FALSE
	EndGlobalSection
	GlobalSection(ExtensibilityGlobals) = postSolution
		SolutionGuid = {BC23CBC0-C444-4AAC-8437-59C14D9280A2}
	EndGlobalSection
EndGlobal
